
Microsoft Visual Studio Solution File, Format Version 12.00
# Visual Studio Version 16
VisualStudioVersion = 16.0.30330.147
MinimumVisualStudioVersion = 10.0.40219.1
Project("{9A19103F-16F7-4668-BE54-9A1E7A4F7556}") = "TSWTools", "TSWTools\TSWTools.csproj", "{B2FE5230-3D35-49BB-B0EA-A34E54BB983B}"
EndProject
Project("{9A19103F-16F7-4668-BE54-9A1E7A4F7556}") = "Styles.Library", "..\RudolfLibraries\Styles.Library\Styles.Library.csproj", "{97538D7F-0F54-44AB-83D3-D1DD7561CDB4}"
EndProject
Project("{9A19103F-16F7-4668-BE54-9A1E7A4F7556}") = "Logging.Library", "..\RudolfLibraries\Logging.Library\Logging.Library.csproj", "{7067CD8F-4B8F-4152-B28E-2D5E6B45CDDC}"
EndProject
Global
	GlobalSection(SolutionConfigurationPlatforms) = preSolution
		Debug|Any CPU = Debug|Any CPU
		Release|Any CPU = Release|Any CPU
	EndGlobalSection
	GlobalSection(ProjectConfigurationPlatforms) = postSolution
		{B2FE5230-3D35-49BB-B0EA-A34E54BB983B}.Debug|Any CPU.ActiveCfg = Debug|Any CPU
		{B2FE5230-3D35-49BB-B0EA-A34E54BB983B}.Debug|Any CPU.Build.0 = Debug|Any CPU
		{B2FE5230-3D35-49BB-B0EA-A34E54BB983B}.Release|Any CPU.ActiveCfg = Release|Any CPU
		{B2FE5230-3D35-49BB-B0EA-A34E54BB983B}.Release|Any CPU.Build.0 = Release|Any CPU
		{97538D7F-0F54-44AB-83D3-D1DD7561CDB4}.Debug|Any CPU.ActiveCfg = Debug|Any CPU
		{97538D7F-0F54-44AB-83D3-D1DD7561CDB4}.Debug|Any CPU.Build.0 = Debug|Any CPU
		{97538D7F-0F54-44AB-83D3-D1DD7561CDB4}.Release|Any CPU.ActiveCfg = Release|Any CPU
		{97538D7F-0F54-44AB-83D3-D1DD7561CDB4}.Release|Any CPU.Build.0 = Release|Any CPU
		{7067CD8F-4B8F-4152-B28E-2D5E6B45CDDC}.Debug|Any CPU.ActiveCfg = Debug|Any CPU
		{7067CD8F-4B8F-4152-B28E-2D5E6B45CDDC}.Debug|Any CPU.Build.0 = Debug|Any CPU
		{7067CD8F-4B8F-4152-B28E-2D5E6B45CDDC}.Release|Any CPU.ActiveCfg = Release|Any CPU
		{7067CD8F-4B8F-4152-B28E-2D5E6B45CDDC}.Release|Any CPU.Build.0 = Release|Any CPU
	EndGlobalSection
	GlobalSection(SolutionProperties) = preSolution
		HideSolutionNode = FALSE
	EndGlobalSection
	GlobalSection(ExtensibilityGlobals) = postSolution
		SolutionGuid = {3A73B28F-3E83-4E50-9376-2A50D3AB6085}
	EndGlobalSection
EndGlobal
